
Microsoft Visual Studio Solution File, Format Version 12.00
# Visual Studio 15
Project("{FAE04EC0-301F-11D3-BF4B-00C04F79EFBC}") = "NodeCanvas", "NodeCanvas.csproj", "{BC3D6205-49EE-787D-5939-53D9411BAFAE}"
EndProject
Project("{FAE04EC0-301F-11D3-BF4B-00C04F79EFBC}") = "ParadoxNotion", "ParadoxNotion.csproj", "{75AB4204-A11F-D476-C685-5C05EE0A69CE}"
EndProject
Project("{FAE04EC0-301F-11D3-BF4B-00C04F79EFBC}") = "Assembly-CSharp", "Assembly-CSharp.csproj", "{F4D059CD-FF37-1884-892C-CB895CA72D82}"
EndProject
Global
	GlobalSection(SolutionConfigurationPlatforms) = preSolution
		Debug|Any CPU = Debug|Any CPU
		Release|Any CPU = Release|Any CPU
	EndGlobalSection
	GlobalSection(ProjectConfigurationPlatforms) = postSolution
		{BC3D6205-49EE-787D-5939-53D9411BAFAE}.Debug|Any CPU.ActiveCfg = Debug|Any CPU
		{BC3D6205-49EE-787D-5939-53D9411BAFAE}.Debug|Any CPU.Build.0 = Debug|Any CPU
		{BC3D6205-49EE-787D-5939-53D9411BAFAE}.Release|Any CPU.ActiveCfg = Release|Any CPU
		{BC3D6205-49EE-787D-5939-53D9411BAFAE}.Release|Any CPU.Build.0 = Release|Any CPU
		{75AB4204-A11F-D476-C685-5C05EE0A69CE}.Debug|Any CPU.ActiveCfg = Debug|Any CPU
		{75AB4204-A11F-D476-C685-5C05EE0A69CE}.Debug|Any CPU.Build.0 = Debug|Any CPU
		{75AB4204-A11F-D476-C685-5C05EE0A69CE}.Release|Any CPU.ActiveCfg = Release|Any CPU
		{75AB4204-A11F-D476-C685-5C05EE0A69CE}.Release|Any CPU.Build.0 = Release|Any CPU
		{F4D059CD-FF37-1884-892C-CB895CA72D82}.Debug|Any CPU.ActiveCfg = Debug|Any CPU
		{F4D059CD-FF37-1884-892C-CB895CA72D82}.Debug|Any CPU.Build.0 = Debug|Any CPU
		{F4D059CD-FF37-1884-892C-CB895CA72D82}.Release|Any CPU.ActiveCfg = Release|Any CPU
		{F4D059CD-FF37-1884-892C-CB895CA72D82}.Release|Any CPU.Build.0 = Release|Any CPU
	EndGlobalSection
	GlobalSection(SolutionProperties) = preSolution
		HideSolutionNode = FALSE
	EndGlobalSection
EndGlobal
