
Microsoft Visual Studio Solution File, Format Version 12.00
# Visual Studio 15
Project("{FAE04EC0-301F-11D3-BF4B-00C04F79EFBC}") = "Unity.Timeline", "Unity.Timeline.csproj", "{75E6685A-395D-974F-EA93-F3C7F5DBF66E}"
EndProject
Project("{FAE04EC0-301F-11D3-BF4B-00C04F79EFBC}") = "Unity.Timeline.Editor", "Unity.Timeline.Editor.csproj", "{DA25B8E4-A2E9-DB5E-C674-8D14A81BD357}"
EndProject
Project("{FAE04EC0-301F-11D3-BF4B-00C04F79EFBC}") = "Unity.TextMeshPro.Editor", "Unity.TextMeshPro.Editor.csproj", "{D9141022-166B-AB5B-E33A-28FE175CE5ED}"
EndProject
Project("{FAE04EC0-301F-11D3-BF4B-00C04F79EFBC}") = "Unity.VisualScripting.Flow", "Unity.VisualScripting.Flow.csproj", "{11185AEF-1EB1-0746-9AEA-B02E79F152AE}"
EndProject
Project("{FAE04EC0-301F-11D3-BF4B-00C04F79EFBC}") = "UnityEditor.UI", "UnityEditor.UI.csproj", "{82B3DA9D-FEDC-C44A-0F98-23EBEE0ADDA2}"
EndProject
Project("{FAE04EC0-301F-11D3-BF4B-00C04F79EFBC}") = "Unity.ProBuilder", "Unity.ProBuilder.csproj", "{1E8C320B-1063-34AA-9BBA-2727EC3B5D03}"
EndProject
Project("{FAE04EC0-301F-11D3-BF4B-00C04F79EFBC}") = "Unity.PlasticSCM.Editor", "Unity.PlasticSCM.Editor.csproj", "{D43AC0B3-8323-D773-1A12-25887F59E26C}"
EndProject
Project("{FAE04EC0-301F-11D3-BF4B-00C04F79EFBC}") = "Unity.InputSystem", "Unity.InputSystem.csproj", "{198E3B39-59E6-9E4D-5B2F-5B225ABEB7A1}"
EndProject
Project("{FAE04EC0-301F-11D3-BF4B-00C04F79EFBC}") = "Unity.ProBuilder.Editor", "Unity.ProBuilder.Editor.csproj", "{C07F2091-47B8-A65B-CE89-049B0ED1669E}"
EndProject
Project("{FAE04EC0-301F-11D3-BF4B-00C04F79EFBC}") = "Unity.VisualScripting.Core", "Unity.VisualScripting.Core.csproj", "{91E2E615-5FB3-71E9-4CDD-2C21E71AA8CB}"
EndProject
Project("{FAE04EC0-301F-11D3-BF4B-00C04F79EFBC}") = "Unity.VisualScripting.Core.Editor", "Unity.VisualScripting.Core.Editor.csproj", "{686384C5-E8CD-1AC2-4B88-0362F37ADB5B}"
EndProject
Project("{FAE04EC0-301F-11D3-BF4B-00C04F79EFBC}") = "Unity.VisualScripting.Flow.Editor", "Unity.VisualScripting.Flow.Editor.csproj", "{50602D91-F1E7-8943-0CF3-36F433822161}"
EndProject
Project("{FAE04EC0-301F-11D3-BF4B-00C04F79EFBC}") = "UnityEditor.TestRunner", "UnityEditor.TestRunner.csproj", "{3D5ADE88-07A3-FC8D-5649-0A722AE9B550}"
EndProject
Project("{FAE04EC0-301F-11D3-BF4B-00C04F79EFBC}") = "Unity.ProBuilder.Poly2Tri", "Unity.ProBuilder.Poly2Tri.csproj", "{0C2898D5-4922-0362-B82E-17FE88EFEF5B}"
EndProject
Project("{FAE04EC0-301F-11D3-BF4B-00C04F79EFBC}") = "Unity.VisualScripting.SettingsProvider.Editor", "Unity.VisualScripting.SettingsProvider.Editor.csproj", "{66BDB645-35E7-5DC3-2D61-F69E261EF824}"
EndProject
Project("{FAE04EC0-301F-11D3-BF4B-00C04F79EFBC}") = "UnityEngine.TestRunner", "UnityEngine.TestRunner.csproj", "{6FF4E310-9CA6-801D-798F-0896E18309D1}"
EndProject
Project("{FAE04EC0-301F-11D3-BF4B-00C04F79EFBC}") = "UnityEngine.UI", "UnityEngine.UI.csproj", "{C67D8F29-37C7-83CB-94D6-04FF063CC1D2}"
EndProject
Project("{FAE04EC0-301F-11D3-BF4B-00C04F79EFBC}") = "Unity.ProBuilder.Csg", "Unity.ProBuilder.Csg.csproj", "{4310B0A4-B1A6-8368-EC34-519D295E822A}"
EndProject
Project("{FAE04EC0-301F-11D3-BF4B-00C04F79EFBC}") = "Unity.AI.Navigation.Editor", "Unity.AI.Navigation.Editor.csproj", "{6E892124-3B00-3D17-D60D-550E410D4354}"
EndProject
Project("{FAE04EC0-301F-11D3-BF4B-00C04F79EFBC}") = "Unity.VisualStudio.Editor", "Unity.VisualStudio.Editor.csproj", "{F93C1F13-1B53-2BD8-7F4D-9C78887BD521}"
EndProject
Project("{FAE04EC0-301F-11D3-BF4B-00C04F79EFBC}") = "Unity.TestTools.CodeCoverage.Editor.OpenCover.Model", "Unity.TestTools.CodeCoverage.Editor.OpenCover.Model.csproj", "{A0D6692A-5DD0-1BA0-85C1-6ADB28AB5F09}"
EndProject
Project("{FAE04EC0-301F-11D3-BF4B-00C04F79EFBC}") = "Unity.Rider.Editor", "Unity.Rider.Editor.csproj", "{9F87D00A-95CD-DBBA-07DC-6AA77B652928}"
EndProject
Project("{FAE04EC0-301F-11D3-BF4B-00C04F79EFBC}") = "Unity.AI.Navigation", "Unity.AI.Navigation.csproj", "{B3F535EC-A401-8104-3135-503766E27CBF}"
EndProject
Project("{FAE04EC0-301F-11D3-BF4B-00C04F79EFBC}") = "Unity.AI.Navigation.Editor.ConversionSystem", "Unity.AI.Navigation.Editor.ConversionSystem.csproj", "{665C78B4-5C01-1044-2EAC-2CC4185E5414}"
EndProject
Project("{FAE04EC0-301F-11D3-BF4B-00C04F79EFBC}") = "Unity.VisualScripting.State.Editor", "Unity.VisualScripting.State.Editor.csproj", "{D67582BC-BDE9-5CA7-4525-895F6CFD4C14}"
EndProject
Project("{FAE04EC0-301F-11D3-BF4B-00C04F79EFBC}") = "Unity.TestTools.CodeCoverage.Editor", "Unity.TestTools.CodeCoverage.Editor.csproj", "{772D26ED-5D46-1FB3-78F1-C910819FFC46}"
EndProject
Project("{FAE04EC0-301F-11D3-BF4B-00C04F79EFBC}") = "Unity.VisualScripting.State", "Unity.VisualScripting.State.csproj", "{A847D8EB-8919-51F1-F86B-FE28D5A896E2}"
EndProject
Project("{FAE04EC0-301F-11D3-BF4B-00C04F79EFBC}") = "Unity.TextMeshPro", "Unity.TextMeshPro.csproj", "{6C198311-0E3C-3B5A-BD9D-4454342874FF}"
EndProject
Project("{FAE04EC0-301F-11D3-BF4B-00C04F79EFBC}") = "Unity.Performance.Profile-Analyzer.Editor", "Unity.Performance.Profile-Analyzer.Editor.csproj", "{D11B9D2F-DC43-47BB-FE3D-AE2B28574A51}"
EndProject
Project("{FAE04EC0-301F-11D3-BF4B-00C04F79EFBC}") = "Unity.VSCode.Editor", "Unity.VSCode.Editor.csproj", "{8C0355D0-421E-1812-44BC-73EA561F215B}"
EndProject
Project("{FAE04EC0-301F-11D3-BF4B-00C04F79EFBC}") = "Unity.TestTools.CodeCoverage.Editor.OpenCover.Mono.Reflection", "Unity.TestTools.CodeCoverage.Editor.OpenCover.Mono.Reflection.csproj", "{BD8D6855-72DA-D48C-FDEF-4D323ABA3947}"
EndProject
Project("{FAE04EC0-301F-11D3-BF4B-00C04F79EFBC}") = "Assembly-CSharp", "Assembly-CSharp.csproj", "{F4D059CD-FF37-1884-892C-CB895CA72D82}"
EndProject
Project("{FAE04EC0-301F-11D3-BF4B-00C04F79EFBC}") = "Unity.AI.Navigation.Updater", "Unity.AI.Navigation.Updater.csproj", "{AE3B4B50-5B78-8B45-1FE6-27A9F1DDCC69}"
EndProject
Project("{FAE04EC0-301F-11D3-BF4B-00C04F79EFBC}") = "Unity.ProBuilder.Stl", "Unity.ProBuilder.Stl.csproj", "{14467D9C-FD39-918E-4828-43E6D86546DE}"
EndProject
Project("{FAE04EC0-301F-11D3-BF4B-00C04F79EFBC}") = "Unity.Settings.Editor", "Unity.Settings.Editor.csproj", "{A614C27D-C391-675E-9DD6-86C16BC1D85E}"
EndProject
Project("{FAE04EC0-301F-11D3-BF4B-00C04F79EFBC}") = "Unity.ProBuilder.AssetIdRemapUtility", "Unity.ProBuilder.AssetIdRemapUtility.csproj", "{D078CE32-6E4F-A3D8-B2D7-0F40222150DA}"
EndProject
Project("{FAE04EC0-301F-11D3-BF4B-00C04F79EFBC}") = "Unity.ProBuilder.KdTree", "Unity.ProBuilder.KdTree.csproj", "{B0473B2F-822D-1204-C9BE-A6D0336B5767}"
EndProject
Project("{FAE04EC0-301F-11D3-BF4B-00C04F79EFBC}") = "Unity.ProBuilder.AddOns.Editor", "Unity.ProBuilder.AddOns.Editor.csproj", "{1C4CA50D-DADA-E60C-2A6E-2F7082883FD3}"
EndProject
Project("{FAE04EC0-301F-11D3-BF4B-00C04F79EFBC}") = "Unity.EditorCoroutines.Editor", "Unity.EditorCoroutines.Editor.csproj", "{FC886A78-6545-4E6B-84D5-0FA73FEBFEEE}"
EndProject
Project("{FAE04EC0-301F-11D3-BF4B-00C04F79EFBC}") = "Unity.InputSystem.TestFramework", "Unity.InputSystem.TestFramework.csproj", "{E4B9E694-2285-C6E5-D8FC-00AB61DDD509}"
EndProject
Project("{FAE04EC0-301F-11D3-BF4B-00C04F79EFBC}") = "Unity.VisualScripting.Shared.Editor", "Unity.VisualScripting.Shared.Editor.csproj", "{317430C7-CD56-F977-C19E-2A1A735FF184}"
EndProject
Project("{FAE04EC0-301F-11D3-BF4B-00C04F79EFBC}") = "Unity.CollabProxy.Editor", "Unity.CollabProxy.Editor.csproj", "{736D4F46-B8B4-B8F0-770C-E567F57E2515}"
EndProject
Global
	GlobalSection(SolutionConfigurationPlatforms) = preSolution
		Debug|Any CPU = Debug|Any CPU
		Release|Any CPU = Release|Any CPU
	EndGlobalSection
	GlobalSection(ProjectConfigurationPlatforms) = postSolution
		{75E6685A-395D-974F-EA93-F3C7F5DBF66E}.Debug|Any CPU.ActiveCfg = Debug|Any CPU
		{75E6685A-395D-974F-EA93-F3C7F5DBF66E}.Debug|Any CPU.Build.0 = Debug|Any CPU
		{75E6685A-395D-974F-EA93-F3C7F5DBF66E}.Release|Any CPU.ActiveCfg = Release|Any CPU
		{75E6685A-395D-974F-EA93-F3C7F5DBF66E}.Release|Any CPU.Build.0 = Release|Any CPU
		{DA25B8E4-A2E9-DB5E-C674-8D14A81BD357}.Debug|Any CPU.ActiveCfg = Debug|Any CPU
		{DA25B8E4-A2E9-DB5E-C674-8D14A81BD357}.Debug|Any CPU.Build.0 = Debug|Any CPU
		{DA25B8E4-A2E9-DB5E-C674-8D14A81BD357}.Release|Any CPU.ActiveCfg = Release|Any CPU
		{DA25B8E4-A2E9-DB5E-C674-8D14A81BD357}.Release|Any CPU.Build.0 = Release|Any CPU
		{D9141022-166B-AB5B-E33A-28FE175CE5ED}.Debug|Any CPU.ActiveCfg = Debug|Any CPU
		{D9141022-166B-AB5B-E33A-28FE175CE5ED}.Debug|Any CPU.Build.0 = Debug|Any CPU
		{D9141022-166B-AB5B-E33A-28FE175CE5ED}.Release|Any CPU.ActiveCfg = Release|Any CPU
		{D9141022-166B-AB5B-E33A-28FE175CE5ED}.Release|Any CPU.Build.0 = Release|Any CPU
		{11185AEF-1EB1-0746-9AEA-B02E79F152AE}.Debug|Any CPU.ActiveCfg = Debug|Any CPU
		{11185AEF-1EB1-0746-9AEA-B02E79F152AE}.Debug|Any CPU.Build.0 = Debug|Any CPU
		{11185AEF-1EB1-0746-9AEA-B02E79F152AE}.Release|Any CPU.ActiveCfg = Release|Any CPU
		{11185AEF-1EB1-0746-9AEA-B02E79F152AE}.Release|Any CPU.Build.0 = Release|Any CPU
		{82B3DA9D-FEDC-C44A-0F98-23EBEE0ADDA2}.Debug|Any CPU.ActiveCfg = Debug|Any CPU
		{82B3DA9D-FEDC-C44A-0F98-23EBEE0ADDA2}.Debug|Any CPU.Build.0 = Debug|Any CPU
		{82B3DA9D-FEDC-C44A-0F98-23EBEE0ADDA2}.Release|Any CPU.ActiveCfg = Release|Any CPU
		{82B3DA9D-FEDC-C44A-0F98-23EBEE0ADDA2}.Release|Any CPU.Build.0 = Release|Any CPU
		{1E8C320B-1063-34AA-9BBA-2727EC3B5D03}.Debug|Any CPU.ActiveCfg = Debug|Any CPU
		{1E8C320B-1063-34AA-9BBA-2727EC3B5D03}.Debug|Any CPU.Build.0 = Debug|Any CPU
		{1E8C320B-1063-34AA-9BBA-2727EC3B5D03}.Release|Any CPU.ActiveCfg = Release|Any CPU
		{1E8C320B-1063-34AA-9BBA-2727EC3B5D03}.Release|Any CPU.Build.0 = Release|Any CPU
		{D43AC0B3-8323-D773-1A12-25887F59E26C}.Debug|Any CPU.ActiveCfg = Debug|Any CPU
		{D43AC0B3-8323-D773-1A12-25887F59E26C}.Debug|Any CPU.Build.0 = Debug|Any CPU
		{D43AC0B3-8323-D773-1A12-25887F59E26C}.Release|Any CPU.ActiveCfg = Release|Any CPU
		{D43AC0B3-8323-D773-1A12-25887F59E26C}.Release|Any CPU.Build.0 = Release|Any CPU
		{198E3B39-59E6-9E4D-5B2F-5B225ABEB7A1}.Debug|Any CPU.ActiveCfg = Debug|Any CPU
		{198E3B39-59E6-9E4D-5B2F-5B225ABEB7A1}.Debug|Any CPU.Build.0 = Debug|Any CPU
		{198E3B39-59E6-9E4D-5B2F-5B225ABEB7A1}.Release|Any CPU.ActiveCfg = Release|Any CPU
		{198E3B39-59E6-9E4D-5B2F-5B225ABEB7A1}.Release|Any CPU.Build.0 = Release|Any CPU
		{C07F2091-47B8-A65B-CE89-049B0ED1669E}.Debug|Any CPU.ActiveCfg = Debug|Any CPU
		{C07F2091-47B8-A65B-CE89-049B0ED1669E}.Debug|Any CPU.Build.0 = Debug|Any CPU
		{C07F2091-47B8-A65B-CE89-049B0ED1669E}.Release|Any CPU.ActiveCfg = Release|Any CPU
		{C07F2091-47B8-A65B-CE89-049B0ED1669E}.Release|Any CPU.Build.0 = Release|Any CPU
		{91E2E615-5FB3-71E9-4CDD-2C21E71AA8CB}.Debug|Any CPU.ActiveCfg = Debug|Any CPU
		{91E2E615-5FB3-71E9-4CDD-2C21E71AA8CB}.Debug|Any CPU.Build.0 = Debug|Any CPU
		{91E2E615-5FB3-71E9-4CDD-2C21E71AA8CB}.Release|Any CPU.ActiveCfg = Release|Any CPU
		{91E2E615-5FB3-71E9-4CDD-2C21E71AA8CB}.Release|Any CPU.Build.0 = Release|Any CPU
		{686384C5-E8CD-1AC2-4B88-0362F37ADB5B}.Debug|Any CPU.ActiveCfg = Debug|Any CPU
		{686384C5-E8CD-1AC2-4B88-0362F37ADB5B}.Debug|Any CPU.Build.0 = Debug|Any CPU
		{686384C5-E8CD-1AC2-4B88-0362F37ADB5B}.Release|Any CPU.ActiveCfg = Release|Any CPU
		{686384C5-E8CD-1AC2-4B88-0362F37ADB5B}.Release|Any CPU.Build.0 = Release|Any CPU
		{50602D91-F1E7-8943-0CF3-36F433822161}.Debug|Any CPU.ActiveCfg = Debug|Any CPU
		{50602D91-F1E7-8943-0CF3-36F433822161}.Debug|Any CPU.Build.0 = Debug|Any CPU
		{50602D91-F1E7-8943-0CF3-36F433822161}.Release|Any CPU.ActiveCfg = Release|Any CPU
		{50602D91-F1E7-8943-0CF3-36F433822161}.Release|Any CPU.Build.0 = Release|Any CPU
		{3D5ADE88-07A3-FC8D-5649-0A722AE9B550}.Debug|Any CPU.ActiveCfg = Debug|Any CPU
		{3D5ADE88-07A3-FC8D-5649-0A722AE9B550}.Debug|Any CPU.Build.0 = Debug|Any CPU
		{3D5ADE88-07A3-FC8D-5649-0A722AE9B550}.Release|Any CPU.ActiveCfg = Release|Any CPU
		{3D5ADE88-07A3-FC8D-5649-0A722AE9B550}.Release|Any CPU.Build.0 = Release|Any CPU
		{0C2898D5-4922-0362-B82E-17FE88EFEF5B}.Debug|Any CPU.ActiveCfg = Debug|Any CPU
		{0C2898D5-4922-0362-B82E-17FE88EFEF5B}.Debug|Any CPU.Build.0 = Debug|Any CPU
		{0C2898D5-4922-0362-B82E-17FE88EFEF5B}.Release|Any CPU.ActiveCfg = Release|Any CPU
		{0C2898D5-4922-0362-B82E-17FE88EFEF5B}.Release|Any CPU.Build.0 = Release|Any CPU
		{66BDB645-35E7-5DC3-2D61-F69E261EF824}.Debug|Any CPU.ActiveCfg = Debug|Any CPU
		{66BDB645-35E7-5DC3-2D61-F69E261EF824}.Debug|Any CPU.Build.0 = Debug|Any CPU
		{66BDB645-35E7-5DC3-2D61-F69E261EF824}.Release|Any CPU.ActiveCfg = Release|Any CPU
		{66BDB645-35E7-5DC3-2D61-F69E261EF824}.Release|Any CPU.Build.0 = Release|Any CPU
		{6FF4E310-9CA6-801D-798F-0896E18309D1}.Debug|Any CPU.ActiveCfg = Debug|Any CPU
		{6FF4E310-9CA6-801D-798F-0896E18309D1}.Debug|Any CPU.Build.0 = Debug|Any CPU
		{6FF4E310-9CA6-801D-798F-0896E18309D1}.Release|Any CPU.ActiveCfg = Release|Any CPU
		{6FF4E310-9CA6-801D-798F-0896E18309D1}.Release|Any CPU.Build.0 = Release|Any CPU
		{C67D8F29-37C7-83CB-94D6-04FF063CC1D2}.Debug|Any CPU.ActiveCfg = Debug|Any CPU
		{C67D8F29-37C7-83CB-94D6-04FF063CC1D2}.Debug|Any CPU.Build.0 = Debug|Any CPU
		{C67D8F29-37C7-83CB-94D6-04FF063CC1D2}.Release|Any CPU.ActiveCfg = Release|Any CPU
		{C67D8F29-37C7-83CB-94D6-04FF063CC1D2}.Release|Any CPU.Build.0 = Release|Any CPU
		{4310B0A4-B1A6-8368-EC34-519D295E822A}.Debug|Any CPU.ActiveCfg = Debug|Any CPU
		{4310B0A4-B1A6-8368-EC34-519D295E822A}.Debug|Any CPU.Build.0 = Debug|Any CPU
		{4310B0A4-B1A6-8368-EC34-519D295E822A}.Release|Any CPU.ActiveCfg = Release|Any CPU
		{4310B0A4-B1A6-8368-EC34-519D295E822A}.Release|Any CPU.Build.0 = Release|Any CPU
		{6E892124-3B00-3D17-D60D-550E410D4354}.Debug|Any CPU.ActiveCfg = Debug|Any CPU
		{6E892124-3B00-3D17-D60D-550E410D4354}.Debug|Any CPU.Build.0 = Debug|Any CPU
		{6E892124-3B00-3D17-D60D-550E410D4354}.Release|Any CPU.ActiveCfg = Release|Any CPU
		{6E892124-3B00-3D17-D60D-550E410D4354}.Release|Any CPU.Build.0 = Release|Any CPU
		{F93C1F13-1B53-2BD8-7F4D-9C78887BD521}.Debug|Any CPU.ActiveCfg = Debug|Any CPU
		{F93C1F13-1B53-2BD8-7F4D-9C78887BD521}.Debug|Any CPU.Build.0 = Debug|Any CPU
		{F93C1F13-1B53-2BD8-7F4D-9C78887BD521}.Release|Any CPU.ActiveCfg = Release|Any CPU
		{F93C1F13-1B53-2BD8-7F4D-9C78887BD521}.Release|Any CPU.Build.0 = Release|Any CPU
		{A0D6692A-5DD0-1BA0-85C1-6ADB28AB5F09}.Debug|Any CPU.ActiveCfg = Debug|Any CPU
		{A0D6692A-5DD0-1BA0-85C1-6ADB28AB5F09}.Debug|Any CPU.Build.0 = Debug|Any CPU
		{A0D6692A-5DD0-1BA0-85C1-6ADB28AB5F09}.Release|Any CPU.ActiveCfg = Release|Any CPU
		{A0D6692A-5DD0-1BA0-85C1-6ADB28AB5F09}.Release|Any CPU.Build.0 = Release|Any CPU
		{9F87D00A-95CD-DBBA-07DC-6AA77B652928}.Debug|Any CPU.ActiveCfg = Debug|Any CPU
		{9F87D00A-95CD-DBBA-07DC-6AA77B652928}.Debug|Any CPU.Build.0 = Debug|Any CPU
		{9F87D00A-95CD-DBBA-07DC-6AA77B652928}.Release|Any CPU.ActiveCfg = Release|Any CPU
		{9F87D00A-95CD-DBBA-07DC-6AA77B652928}.Release|Any CPU.Build.0 = Release|Any CPU
		{B3F535EC-A401-8104-3135-503766E27CBF}.Debug|Any CPU.ActiveCfg = Debug|Any CPU
		{B3F535EC-A401-8104-3135-503766E27CBF}.Debug|Any CPU.Build.0 = Debug|Any CPU
		{B3F535EC-A401-8104-3135-503766E27CBF}.Release|Any CPU.ActiveCfg = Release|Any CPU
		{B3F535EC-A401-8104-3135-503766E27CBF}.Release|Any CPU.Build.0 = Release|Any CPU
		{665C78B4-5C01-1044-2EAC-2CC4185E5414}.Debug|Any CPU.ActiveCfg = Debug|Any CPU
		{665C78B4-5C01-1044-2EAC-2CC4185E5414}.Debug|Any CPU.Build.0 = Debug|Any CPU
		{665C78B4-5C01-1044-2EAC-2CC4185E5414}.Release|Any CPU.ActiveCfg = Release|Any CPU
		{665C78B4-5C01-1044-2EAC-2CC4185E5414}.Release|Any CPU.Build.0 = Release|Any CPU
		{D67582BC-BDE9-5CA7-4525-895F6CFD4C14}.Debug|Any CPU.ActiveCfg = Debug|Any CPU
		{D67582BC-BDE9-5CA7-4525-895F6CFD4C14}.Debug|Any CPU.Build.0 = Debug|Any CPU
		{D67582BC-BDE9-5CA7-4525-895F6CFD4C14}.Release|Any CPU.ActiveCfg = Release|Any CPU
		{D67582BC-BDE9-5CA7-4525-895F6CFD4C14}.Release|Any CPU.Build.0 = Release|Any CPU
		{772D26ED-5D46-1FB3-78F1-C910819FFC46}.Debug|Any CPU.ActiveCfg = Debug|Any CPU
		{772D26ED-5D46-1FB3-78F1-C910819FFC46}.Debug|Any CPU.Build.0 = Debug|Any CPU
		{772D26ED-5D46-1FB3-78F1-C910819FFC46}.Release|Any CPU.ActiveCfg = Release|Any CPU
		{772D26ED-5D46-1FB3-78F1-C910819FFC46}.Release|Any CPU.Build.0 = Release|Any CPU
		{A847D8EB-8919-51F1-F86B-FE28D5A896E2}.Debug|Any CPU.ActiveCfg = Debug|Any CPU
		{A847D8EB-8919-51F1-F86B-FE28D5A896E2}.Debug|Any CPU.Build.0 = Debug|Any CPU
		{A847D8EB-8919-51F1-F86B-FE28D5A896E2}.Release|Any CPU.ActiveCfg = Release|Any CPU
		{A847D8EB-8919-51F1-F86B-FE28D5A896E2}.Release|Any CPU.Build.0 = Release|Any CPU
		{6C198311-0E3C-3B5A-BD9D-4454342874FF}.Debug|Any CPU.ActiveCfg = Debug|Any CPU
		{6C198311-0E3C-3B5A-BD9D-4454342874FF}.Debug|Any CPU.Build.0 = Debug|Any CPU
		{6C198311-0E3C-3B5A-BD9D-4454342874FF}.Release|Any CPU.ActiveCfg = Release|Any CPU
		{6C198311-0E3C-3B5A-BD9D-4454342874FF}.Release|Any CPU.Build.0 = Release|Any CPU
		{D11B9D2F-DC43-47BB-FE3D-AE2B28574A51}.Debug|Any CPU.ActiveCfg = Debug|Any CPU
		{D11B9D2F-DC43-47BB-FE3D-AE2B28574A51}.Debug|Any CPU.Build.0 = Debug|Any CPU
		{D11B9D2F-DC43-47BB-FE3D-AE2B28574A51}.Release|Any CPU.ActiveCfg = Release|Any CPU
		{D11B9D2F-DC43-47BB-FE3D-AE2B28574A51}.Release|Any CPU.Build.0 = Release|Any CPU
		{8C0355D0-421E-1812-44BC-73EA561F215B}.Debug|Any CPU.ActiveCfg = Debug|Any CPU
		{8C0355D0-421E-1812-44BC-73EA561F215B}.Debug|Any CPU.Build.0 = Debug|Any CPU
		{8C0355D0-421E-1812-44BC-73EA561F215B}.Release|Any CPU.ActiveCfg = Release|Any CPU
		{8C0355D0-421E-1812-44BC-73EA561F215B}.Release|Any CPU.Build.0 = Release|Any CPU
		{BD8D6855-72DA-D48C-FDEF-4D323ABA3947}.Debug|Any CPU.ActiveCfg = Debug|Any CPU
		{BD8D6855-72DA-D48C-FDEF-4D323ABA3947}.Debug|Any CPU.Build.0 = Debug|Any CPU
		{BD8D6855-72DA-D48C-FDEF-4D323ABA3947}.Release|Any CPU.ActiveCfg = Release|Any CPU
		{BD8D6855-72DA-D48C-FDEF-4D323ABA3947}.Release|Any CPU.Build.0 = Release|Any CPU
		{F4D059CD-FF37-1884-892C-CB895CA72D82}.Debug|Any CPU.ActiveCfg = Debug|Any CPU
		{F4D059CD-FF37-1884-892C-CB895CA72D82}.Debug|Any CPU.Build.0 = Debug|Any CPU
		{F4D059CD-FF37-1884-892C-CB895CA72D82}.Release|Any CPU.ActiveCfg = Release|Any CPU
		{F4D059CD-FF37-1884-892C-CB895CA72D82}.Release|Any CPU.Build.0 = Release|Any CPU
		{AE3B4B50-5B78-8B45-1FE6-27A9F1DDCC69}.Debug|Any CPU.ActiveCfg = Debug|Any CPU
		{AE3B4B50-5B78-8B45-1FE6-27A9F1DDCC69}.Debug|Any CPU.Build.0 = Debug|Any CPU
		{AE3B4B50-5B78-8B45-1FE6-27A9F1DDCC69}.Release|Any CPU.ActiveCfg = Release|Any CPU
		{AE3B4B50-5B78-8B45-1FE6-27A9F1DDCC69}.Release|Any CPU.Build.0 = Release|Any CPU
		{14467D9C-FD39-918E-4828-43E6D86546DE}.Debug|Any CPU.ActiveCfg = Debug|Any CPU
		{14467D9C-FD39-918E-4828-43E6D86546DE}.Debug|Any CPU.Build.0 = Debug|Any CPU
		{14467D9C-FD39-918E-4828-43E6D86546DE}.Release|Any CPU.ActiveCfg = Release|Any CPU
		{14467D9C-FD39-918E-4828-43E6D86546DE}.Release|Any CPU.Build.0 = Release|Any CPU
		{A614C27D-C391-675E-9DD6-86C16BC1D85E}.Debug|Any CPU.ActiveCfg = Debug|Any CPU
		{A614C27D-C391-675E-9DD6-86C16BC1D85E}.Debug|Any CPU.Build.0 = Debug|Any CPU
		{A614C27D-C391-675E-9DD6-86C16BC1D85E}.Release|Any CPU.ActiveCfg = Release|Any CPU
		{A614C27D-C391-675E-9DD6-86C16BC1D85E}.Release|Any CPU.Build.0 = Release|Any CPU
		{D078CE32-6E4F-A3D8-B2D7-0F40222150DA}.Debug|Any CPU.ActiveCfg = Debug|Any CPU
		{D078CE32-6E4F-A3D8-B2D7-0F40222150DA}.Debug|Any CPU.Build.0 = Debug|Any CPU
		{D078CE32-6E4F-A3D8-B2D7-0F40222150DA}.Release|Any CPU.ActiveCfg = Release|Any CPU
		{D078CE32-6E4F-A3D8-B2D7-0F40222150DA}.Release|Any CPU.Build.0 = Release|Any CPU
		{B0473B2F-822D-1204-C9BE-A6D0336B5767}.Debug|Any CPU.ActiveCfg = Debug|Any CPU
		{B0473B2F-822D-1204-C9BE-A6D0336B5767}.Debug|Any CPU.Build.0 = Debug|Any CPU
		{B0473B2F-822D-1204-C9BE-A6D0336B5767}.Release|Any CPU.ActiveCfg = Release|Any CPU
		{B0473B2F-822D-1204-C9BE-A6D0336B5767}.Release|Any CPU.Build.0 = Release|Any CPU
		{1C4CA50D-DADA-E60C-2A6E-2F7082883FD3}.Debug|Any CPU.ActiveCfg = Debug|Any CPU
		{1C4CA50D-DADA-E60C-2A6E-2F7082883FD3}.Debug|Any CPU.Build.0 = Debug|Any CPU
		{1C4CA50D-DADA-E60C-2A6E-2F7082883FD3}.Release|Any CPU.ActiveCfg = Release|Any CPU
		{1C4CA50D-DADA-E60C-2A6E-2F7082883FD3}.Release|Any CPU.Build.0 = Release|Any CPU
		{FC886A78-6545-4E6B-84D5-0FA73FEBFEEE}.Debug|Any CPU.ActiveCfg = Debug|Any CPU
		{FC886A78-6545-4E6B-84D5-0FA73FEBFEEE}.Debug|Any CPU.Build.0 = Debug|Any CPU
		{FC886A78-6545-4E6B-84D5-0FA73FEBFEEE}.Release|Any CPU.ActiveCfg = Release|Any CPU
		{FC886A78-6545-4E6B-84D5-0FA73FEBFEEE}.Release|Any CPU.Build.0 = Release|Any CPU
		{E4B9E694-2285-C6E5-D8FC-00AB61DDD509}.Debug|Any CPU.ActiveCfg = Debug|Any CPU
		{E4B9E694-2285-C6E5-D8FC-00AB61DDD509}.Debug|Any CPU.Build.0 = Debug|Any CPU
		{E4B9E694-2285-C6E5-D8FC-00AB61DDD509}.Release|Any CPU.ActiveCfg = Release|Any CPU
		{E4B9E694-2285-C6E5-D8FC-00AB61DDD509}.Release|Any CPU.Build.0 = Release|Any CPU
		{317430C7-CD56-F977-C19E-2A1A735FF184}.Debug|Any CPU.ActiveCfg = Debug|Any CPU
		{317430C7-CD56-F977-C19E-2A1A735FF184}.Debug|Any CPU.Build.0 = Debug|Any CPU
		{317430C7-CD56-F977-C19E-2A1A735FF184}.Release|Any CPU.ActiveCfg = Release|Any CPU
		{317430C7-CD56-F977-C19E-2A1A735FF184}.Release|Any CPU.Build.0 = Release|Any CPU
		{736D4F46-B8B4-B8F0-770C-E567F57E2515}.Debug|Any CPU.ActiveCfg = Debug|Any CPU
		{736D4F46-B8B4-B8F0-770C-E567F57E2515}.Debug|Any CPU.Build.0 = Debug|Any CPU
		{736D4F46-B8B4-B8F0-770C-E567F57E2515}.Release|Any CPU.ActiveCfg = Release|Any CPU
		{736D4F46-B8B4-B8F0-770C-E567F57E2515}.Release|Any CPU.Build.0 = Release|Any CPU
	EndGlobalSection
	GlobalSection(SolutionProperties) = preSolution
		HideSolutionNode = FALSE
	EndGlobalSection
EndGlobal
